
Microsoft Visual Studio Solution File, Format Version 12.00
# Visual Studio Version 16
VisualStudioVersion = 16.0.30711.63
MinimumVisualStudioVersion = 10.0.40219.1
Project("{FAE04EC0-301F-11D3-BF4B-00C04F79EFBC}") = "negocjator4200", "negocjator4200.csproj", "{08C10E61-8C94-42F3-B9DE-158F9C17BE91}"
EndProject
Global
	GlobalSection(SolutionConfigurationPlatforms) = preSolution
		Debug|Any CPU = Debug|Any CPU
		Release|Any CPU = Release|Any CPU
	EndGlobalSection
	GlobalSection(ProjectConfigurationPlatforms) = postSolution
		{08C10E61-8C94-42F3-B9DE-158F9C17BE91}.Debug|Any CPU.ActiveCfg = Debug|Any CPU
		{08C10E61-8C94-42F3-B9DE-158F9C17BE91}.Debug|Any CPU.Build.0 = Debug|Any CPU
		{08C10E61-8C94-42F3-B9DE-158F9C17BE91}.Release|Any CPU.ActiveCfg = Release|Any CPU
		{08C10E61-8C94-42F3-B9DE-158F9C17BE91}.Release|Any CPU.Build.0 = Release|Any CPU
	EndGlobalSection
	GlobalSection(SolutionProperties) = preSolution
		HideSolutionNode = FALSE
	EndGlobalSection
	GlobalSection(ExtensibilityGlobals) = postSolution
		SolutionGuid = {4CCD5C37-245E-4A55-85D7-B07D1D7FAF39}
	EndGlobalSection
EndGlobal
